
Microsoft Visual Studio Solution File, Format Version 12.00
# Visual Studio 15
VisualStudioVersion = 15.0.28307.902
MinimumVisualStudioVersion = 10.0.40219.1
Project("{FAE04EC0-301F-11D3-BF4B-00C04F79EFBC}") = "BCU.Sample.API.2.0", "BCU.Sample.API.2.0\BCU.Sample.API.2.0.csproj", "{C427D2AE-4047-4B41-8ECD-AA54A4FE3E94}"
EndProject
Global
	GlobalSection(SolutionConfigurationPlatforms) = preSolution
		Debug|Any CPU = Debug|Any CPU
		Release|Any CPU = Release|Any CPU
	EndGlobalSection
	GlobalSection(ProjectConfigurationPlatforms) = postSolution
		{C427D2AE-4047-4B41-8ECD-AA54A4FE3E94}.Debug|Any CPU.ActiveCfg = Debug|Any CPU
		{C427D2AE-4047-4B41-8ECD-AA54A4FE3E94}.Debug|Any CPU.Build.0 = Debug|Any CPU
		{C427D2AE-4047-4B41-8ECD-AA54A4FE3E94}.Release|Any CPU.ActiveCfg = Release|Any CPU
		{C427D2AE-4047-4B41-8ECD-AA54A4FE3E94}.Release|Any CPU.Build.0 = Release|Any CPU
	EndGlobalSection
	GlobalSection(SolutionProperties) = preSolution
		HideSolutionNode = FALSE
	EndGlobalSection
	GlobalSection(ExtensibilityGlobals) = postSolution
		SolutionGuid = {437D1034-14B3-4375-810F-C2BFB12E49C2}
	EndGlobalSection
EndGlobal
